{
  "name": "syllo-paddle-sandbox-catalog",
  "lockfileVersion": 3,
  "requires": true,
  "packages": {
    "": {
      "name": "syllo-paddle-sandbox-catalog",
      "dependencies": {
        "@paddle/paddle-node-sdk": "3.10.0"
      }
    },
    "node_modules/@paddle/paddle-node-sdk": {
      "version": "3.10.0",
      "resolved": "https://registry.npmjs.org/@paddle/paddle-node-sdk/-/paddle-node-sdk-3.10.0.tgz",
      "integrity": "sha512-njqp+L6e/2aR99EYh/Ulyu6B9sIyVERTFclGOznKmLZcy11pAwHoHyIgq1BUH1ybQH+YmJQmrrUQC/Rfg8JAAw==",
      "license": "Apache-2.0",
      "engines": {
        "node": ">=20"
      }
    }
  }
}
